
Microsoft Visual Studio Solution File, Format Version 12.00
# Visual Studio 2013
VisualStudioVersion = 12.0.40629.0
MinimumVisualStudioVersion = 10.0.40219.1
Project("{F184B08F-C81C-45F6-A57F-5ABD9991F28F}") = "Lesson 16", "Lesson 16\Lesson 16.vbproj", "{3E1EE84F-4886-470B-8A16-636EA77EBACB}"
EndProject
Global
	GlobalSection(SolutionConfigurationPlatforms) = preSolution
		Debug|Any CPU = Debug|Any CPU
		Release|Any CPU = Release|Any CPU
	EndGlobalSection
	GlobalSection(ProjectConfigurationPlatforms) = postSolution
		{3E1EE84F-4886-470B-8A16-636EA77EBACB}.Debug|Any CPU.ActiveCfg = Debug|Any CPU
		{3E1EE84F-4886-470B-8A16-636EA77EBACB}.Debug|Any CPU.Build.0 = Debug|Any CPU
		{3E1EE84F-4886-470B-8A16-636EA77EBACB}.Release|Any CPU.ActiveCfg = Release|Any CPU
		{3E1EE84F-4886-470B-8A16-636EA77EBACB}.Release|Any CPU.Build.0 = Release|Any CPU
	EndGlobalSection
	GlobalSection(SolutionProperties) = preSolution
		HideSolutionNode = FALSE
	EndGlobalSection
EndGlobal
